
Microsoft Visual Studio Solution File, Format Version 11.00
# Visual Studio 2010
# SharpDevelop 5.1
Project("{FAE04EC0-301F-11D3-BF4B-00C04F79EFBC}") = "Console1", "Console1\Console1.csproj", "{306C8D4E-5E0E-464A-AB51-C272179D14F5}"
EndProject
Global
	GlobalSection(SolutionConfigurationPlatforms) = preSolution
		Debug|Any CPU = Debug|Any CPU
		Release|Any CPU = Release|Any CPU
	EndGlobalSection
	GlobalSection(ProjectConfigurationPlatforms) = postSolution
		{306C8D4E-5E0E-464A-AB51-C272179D14F5}.Debug|Any CPU.ActiveCfg = Debug|Any CPU
		{306C8D4E-5E0E-464A-AB51-C272179D14F5}.Debug|Any CPU.Build.0 = Debug|Any CPU
		{306C8D4E-5E0E-464A-AB51-C272179D14F5}.Release|Any CPU.ActiveCfg = Release|Any CPU
		{306C8D4E-5E0E-464A-AB51-C272179D14F5}.Release|Any CPU.Build.0 = Release|Any CPU
	EndGlobalSection
EndGlobal
